
Microsoft Visual Studio Solution File, Format Version 11.00
# Visual Studio 2010
Project("{FAE04EC0-301F-11D3-BF4B-00C04F79EFBC}") = "CPlan.SRP.Client", "CPlan.SRP.Client\CPlan.SRP.Client.csproj", "{BD761CE6-151E-4C5A-95C6-25C2312897A9}"
EndProject
Project("{FAE04EC0-301F-11D3-BF4B-00C04F79EFBC}") = "CPlan.SRP.Host", "CPlan.SRP.Host\CPlan.SRP.Host.csproj", "{E015160D-9723-452B-A2DA-76C4F6EB1409}"
EndProject
Project("{2150E333-8FDC-42A3-9474-1A3956D46DE8}") = "GitHub", "GitHub", "{5C48593A-5C0D-4779-9E4F-C59E462C5585}"
	ProjectSection(SolutionItems) = preProject
		.gitignore = .gitignore
		GNU-GPL.txt = GNU-GPL.txt
		readme.md = readme.md
	EndProjectSection
EndProject
Project("{FAE04EC0-301F-11D3-BF4B-00C04F79EFBC}") = "CPlan.UI", "CPlan.UI\CPlan.UI.csproj", "{9DD7C92C-5075-43B0-B298-9F8A5A492F49}"
EndProject
Global
	GlobalSection(SolutionConfigurationPlatforms) = preSolution
		Debug|Any CPU = Debug|Any CPU
		Debug|Mixed Platforms = Debug|Mixed Platforms
		Debug|x86 = Debug|x86
		Release|Any CPU = Release|Any CPU
		Release|Mixed Platforms = Release|Mixed Platforms
		Release|x86 = Release|x86
	EndGlobalSection
	GlobalSection(ProjectConfigurationPlatforms) = postSolution
		{BD761CE6-151E-4C5A-95C6-25C2312897A9}.Debug|Any CPU.ActiveCfg = Debug|Any CPU
		{BD761CE6-151E-4C5A-95C6-25C2312897A9}.Debug|Any CPU.Build.0 = Debug|Any CPU
		{BD761CE6-151E-4C5A-95C6-25C2312897A9}.Debug|Mixed Platforms.ActiveCfg = Debug|Any CPU
		{BD761CE6-151E-4C5A-95C6-25C2312897A9}.Debug|Mixed Platforms.Build.0 = Debug|Any CPU
		{BD761CE6-151E-4C5A-95C6-25C2312897A9}.Debug|x86.ActiveCfg = Debug|Any CPU
		{BD761CE6-151E-4C5A-95C6-25C2312897A9}.Release|Any CPU.ActiveCfg = Release|Any CPU
		{BD761CE6-151E-4C5A-95C6-25C2312897A9}.Release|Any CPU.Build.0 = Release|Any CPU
		{BD761CE6-151E-4C5A-95C6-25C2312897A9}.Release|Mixed Platforms.ActiveCfg = Release|Any CPU
		{BD761CE6-151E-4C5A-95C6-25C2312897A9}.Release|Mixed Platforms.Build.0 = Release|Any CPU
		{BD761CE6-151E-4C5A-95C6-25C2312897A9}.Release|x86.ActiveCfg = Release|Any CPU
		{E015160D-9723-452B-A2DA-76C4F6EB1409}.Debug|Any CPU.ActiveCfg = Debug|Any CPU
		{E015160D-9723-452B-A2DA-76C4F6EB1409}.Debug|Any CPU.Build.0 = Debug|Any CPU
		{E015160D-9723-452B-A2DA-76C4F6EB1409}.Debug|Mixed Platforms.ActiveCfg = Debug|Any CPU
		{E015160D-9723-452B-A2DA-76C4F6EB1409}.Debug|Mixed Platforms.Build.0 = Debug|Any CPU
		{E015160D-9723-452B-A2DA-76C4F6EB1409}.Debug|x86.ActiveCfg = Debug|Any CPU
		{E015160D-9723-452B-A2DA-76C4F6EB1409}.Release|Any CPU.ActiveCfg = Release|Any CPU
		{E015160D-9723-452B-A2DA-76C4F6EB1409}.Release|Any CPU.Build.0 = Release|Any CPU
		{E015160D-9723-452B-A2DA-76C4F6EB1409}.Release|Mixed Platforms.ActiveCfg = Release|Any CPU
		{E015160D-9723-452B-A2DA-76C4F6EB1409}.Release|Mixed Platforms.Build.0 = Release|Any CPU
		{E015160D-9723-452B-A2DA-76C4F6EB1409}.Release|x86.ActiveCfg = Release|Any CPU
		{9DD7C92C-5075-43B0-B298-9F8A5A492F49}.Debug|Any CPU.ActiveCfg = Debug|x86
		{9DD7C92C-5075-43B0-B298-9F8A5A492F49}.Debug|Mixed Platforms.ActiveCfg = Debug|x86
		{9DD7C92C-5075-43B0-B298-9F8A5A492F49}.Debug|Mixed Platforms.Build.0 = Debug|x86
		{9DD7C92C-5075-43B0-B298-9F8A5A492F49}.Debug|x86.ActiveCfg = Debug|x86
		{9DD7C92C-5075-43B0-B298-9F8A5A492F49}.Debug|x86.Build.0 = Debug|x86
		{9DD7C92C-5075-43B0-B298-9F8A5A492F49}.Release|Any CPU.ActiveCfg = Release|x86
		{9DD7C92C-5075-43B0-B298-9F8A5A492F49}.Release|Mixed Platforms.ActiveCfg = Release|x86
		{9DD7C92C-5075-43B0-B298-9F8A5A492F49}.Release|Mixed Platforms.Build.0 = Release|x86
		{9DD7C92C-5075-43B0-B298-9F8A5A492F49}.Release|x86.ActiveCfg = Release|x86
		{9DD7C92C-5075-43B0-B298-9F8A5A492F49}.Release|x86.Build.0 = Release|x86
	EndGlobalSection
	GlobalSection(SolutionProperties) = preSolution
		HideSolutionNode = FALSE
	EndGlobalSection
EndGlobal
